// !$*UTF8*$!
{
	archiveVersion = 1;
	classes = {
	};
	objectVersion = 55;
	objects = {

/* Begin PBXBuildFile section */
		9A0A45C428EC00A70075C28E /* AppDelegate.m in Sources */ = {isa = PBXBuildFile; fileRef = 9A0A45C328EC00A70075C28E /* AppDelegate.m */; };
		9A0A45C728EC00A70075C28E /* SceneDelegate.m in Sources */ = {isa = PBXBuildFile; fileRef = 9A0A45C628EC00A70075C28E /* SceneDelegate.m */; };
		9A0A45CA28EC00A70075C28E /* ViewController.m in Sources */ = {isa = PBXBuildFile; fileRef = 9A0A45C928EC00A70075C28E /* ViewController.m */; };
		9A0A45CD28EC00A70075C28E /* Main.storyboard in Resources */ = {isa = PBXBuildFile; fileRef = 9A0A45CB28EC00A70075C28E /* Main.storyboard */; };
		9A0A45CF28EC00AA0075C28E /* Assets.xcassets in Resources */ = {isa = PBXBuildFile; fileRef = 9A0A45CE28EC00AA0075C28E /* Assets.xcassets */; };
		9A0A45D228EC00AA0075C28E /* LaunchScreen.storyboard in Resources */ = {isa = PBXBuildFile; fileRef = 9A0A45D028EC00AA0075C28E /* LaunchScreen.storyboard */; };
		9A0A45D528EC00AA0075C28E /* main.m in Sources */ = {isa = PBXBuildFile; fileRef = 9A0A45D428EC00AA0075C28E /* main.m */; };
		9A0A45DE28EC0B8B0075C28E /* ASStudent.m in Sources */ = {isa = PBXBuildFile; fileRef = 9A0A45DD28EC0B8B0075C28E /* ASStudent.m */; };
		9A0A45E128EC0BF40075C28E /* ASDancer.m in Sources */ = {isa = PBXBuildFile; fileRef = 9A0A45E028EC0BF40075C28E /* ASDancer.m */; };
		9A0A45E428EC0C380075C28E /* ASDeveloper.m in Sources */ = {isa = PBXBuildFile; fileRef = 9A0A45E328EC0C380075C28E /* ASDeveloper.m */; };
/* End PBXBuildFile section */

/* Begin PBXFileReference section */
		9A0A45BF28EC00A70075C28E /* Protocols.app */ = {isa = PBXFileReference; explicitFileType = wrapper.application; includeInIndex = 0; path = Protocols.app; sourceTree = BUILT_PRODUCTS_DIR; };
		9A0A45C228EC00A70075C28E /* AppDelegate.h */ = {isa = PBXFileReference; lastKnownFileType = sourcecode.c.h; path = AppDelegate.h; sourceTree = "<group>"; };
		9A0A45C328EC00A70075C28E /* AppDelegate.m */ = {isa = PBXFileReference; lastKnownFileType = sourcecode.c.objc; path = AppDelegate.m; sourceTree = "<group>"; };
		9A0A45C528EC00A70075C28E /* SceneDelegate.h */ = {isa = PBXFileReference; lastKnownFileType = sourcecode.c.h; path = SceneDelegate.h; sourceTree = "<group>"; };
		9A0A45C628EC00A70075C28E /* SceneDelegate.m */ = {isa = PBXFileReference; lastKnownFileType = sourcecode.c.objc; path = SceneDelegate.m; sourceTree = "<group>"; };
		9A0A45C828EC00A70075C28E /* ViewController.h */ = {isa = PBXFileReference; lastKnownFileType = sourcecode.c.h; path = ViewController.h; sourceTree = "<group>"; };
		9A0A45C928EC00A70075C28E /* ViewController.m */ = {isa = PBXFileReference; lastKnownFileType = sourcecode.c.objc; path = ViewController.m; sourceTree = "<group>"; };
		9A0A45CC28EC00A70075C28E /* Base */ = {isa = PBXFileReference; lastKnownFileType = file.storyboard; name = Base; path = Base.lproj/Main.storyboard; sourceTree = "<group>"; };
		9A0A45CE28EC00AA0075C28E /* Assets.xcassets */ = {isa = PBXFileReference; lastKnownFileType = folder.assetcatalog; path = Assets.xcassets; sourceTree = "<group>"; };
		9A0A45D128EC00AA0075C28E /* Base */ = {isa = PBXFileReference; lastKnownFileType = file.storyboard; name = Base; path = Base.lproj/LaunchScreen.storyboard; sourceTree = "<group>"; };
		9A0A45D328EC00AA0075C28E /* Info.plist */ = {isa = PBXFileReference; lastKnownFileType = text.plist.xml; path = Info.plist; sourceTree = "<group>"; };
		9A0A45D428EC00AA0075C28E /* main.m */ = {isa = PBXFileReference; lastKnownFileType = sourcecode.c.objc; path = main.m; sourceTree = "<group>"; };
		9A0A45DC28EC0B8B0075C28E /* ASStudent.h */ = {isa = PBXFileReference; lastKnownFileType = sourcecode.c.h; path = ASStudent.h; sourceTree = "<group>"; };
		9A0A45DD28EC0B8B0075C28E /* ASStudent.m */ = {isa = PBXFileReference; lastKnownFileType = sourcecode.c.objc; path = ASStudent.m; sourceTree = "<group>"; };
		9A0A45DF28EC0BF40075C28E /* ASDancer.h */ = {isa = PBXFileReference; lastKnownFileType = sourcecode.c.h; path = ASDancer.h; sourceTree = "<group>"; };
		9A0A45E028EC0BF40075C28E /* ASDancer.m */ = {isa = PBXFileReference; lastKnownFileType = sourcecode.c.objc; path = ASDancer.m; sourceTree = "<group>"; };
		9A0A45E228EC0C380075C28E /* ASDeveloper.h */ = {isa = PBXFileReference; lastKnownFileType = sourcecode.c.h; path = ASDeveloper.h; sourceTree = "<group>"; };
		9A0A45E328EC0C380075C28E /* ASDeveloper.m */ = {isa = PBXFileReference; lastKnownFileType = sourcecode.c.objc; path = ASDeveloper.m; sourceTree = "<group>"; };
		9A0A45E528EC0D730075C28E /* ASPatient.h */ = {isa = PBXFileReference; lastKnownFileType = sourcecode.c.h; path = ASPatient.h; sourceTree = "<group>"; };
/* End PBXFileReference section */

/* Begin PBXFrameworksBuildPhase section */
		9A0A45BC28EC00A70075C28E /* Frameworks */ = {
			isa = PBXFrameworksBuildPhase;
			buildActionMask = 2147483647;
			files = (
			);
			runOnlyForDeploymentPostprocessing = 0;
		};
/* End PBXFrameworksBuildPhase section */

/* Begin PBXGroup section */
		9A0A45B628EC00A70075C28E = {
			isa = PBXGroup;
			children = (
				9A0A45C128EC00A70075C28E /* Protocols */,
				9A0A45C028EC00A70075C28E /* Products */,
			);
			sourceTree = "<group>";
		};
		9A0A45C028EC00A70075C28E /* Products */ = {
			isa = PBXGroup;
			children = (
				9A0A45BF28EC00A70075C28E /* Protocols.app */,
			);
			name = Products;
			sourceTree = "<group>";
		};
		9A0A45C128EC00A70075C28E /* Protocols */ = {
			isa = PBXGroup;
			children = (
				9A0A45DB28EC02430075C28E /* Classes */,
				9A0A45C228EC00A70075C28E /* AppDelegate.h */,
				9A0A45C328EC00A70075C28E /* AppDelegate.m */,
				9A0A45C528EC00A70075C28E /* SceneDelegate.h */,
				9A0A45C628EC00A70075C28E /* SceneDelegate.m */,
				9A0A45C828EC00A70075C28E /* ViewController.h */,
				9A0A45C928EC00A70075C28E /* ViewController.m */,
				9A0A45CB28EC00A70075C28E /* Main.storyboard */,
				9A0A45CE28EC00AA0075C28E /* Assets.xcassets */,
				9A0A45D028EC00AA0075C28E /* LaunchScreen.storyboard */,
				9A0A45D328EC00AA0075C28E /* Info.plist */,
				9A0A45D428EC00AA0075C28E /* main.m */,
			);
			path = Protocols;
			sourceTree = "<group>";
		};
		9A0A45DB28EC02430075C28E /* Classes */ = {
			isa = PBXGroup;
			children = (
				9A0A45E528EC0D730075C28E /* ASPatient.h */,
				9A0A45E228EC0C380075C28E /* ASDeveloper.h */,
				9A0A45E328EC0C380075C28E /* ASDeveloper.m */,
				9A0A45DC28EC0B8B0075C28E /* ASStudent.h */,
				9A0A45DD28EC0B8B0075C28E /* ASStudent.m */,
				9A0A45DF28EC0BF40075C28E /* ASDancer.h */,
				9A0A45E028EC0BF40075C28E /* ASDancer.m */,
			);
			path = Classes;
			sourceTree = "<group>";
		};
/* End PBXGroup section */

/* Begin PBXNativeTarget section */
		9A0A45BE28EC00A70075C28E /* Protocols */ = {
			isa = PBXNativeTarget;
			buildConfigurationList = 9A0A45D828EC00AA0075C28E /* Build configuration list for PBXNativeTarget "Protocols" */;
			buildPhases = (
				9A0A45BB28EC00A70075C28E /* Sources */,
				9A0A45BC28EC00A70075C28E /* Frameworks */,
				9A0A45BD28EC00A70075C28E /* Resources */,
			);
			buildRules = (
			);
			dependencies = (
			);
			name = Protocols;
			productName = Protocols;
			productReference = 9A0A45BF28EC00A70075C28E /* Protocols.app */;
			productType = "com.apple.product-type.application";
		};
/* End PBXNativeTarget section */

/* Begin PBXProject section */
		9A0A45B728EC00A70075C28E /* Project object */ = {
			isa = PBXProject;
			attributes = {
				BuildIndependentTargetsInParallel = 1;
				LastUpgradeCheck = 1330;
				TargetAttributes = {
					9A0A45BE28EC00A70075C28E = {
						CreatedOnToolsVersion = 13.3.1;
					};
				};
			};
			buildConfigurationList = 9A0A45BA28EC00A70075C28E /* Build configuration list for PBXProject "Protocols" */;
			compatibilityVersion = "Xcode 13.0";
			developmentRegion = en;
			hasScannedForEncodings = 0;
			knownRegions = (
				en,
				Base,
			);
			mainGroup = 9A0A45B628EC00A70075C28E;
			productRefGroup = 9A0A45C028EC00A70075C28E /* Products */;
			projectDirPath = "";
			projectRoot = "";
			targets = (
				9A0A45BE28EC00A70075C28E /* Protocols */,
			);
		};
/* End PBXProject section */

/* Begin PBXResourcesBuildPhase section */
		9A0A45BD28EC00A70075C28E /* Resources */ = {
			isa = PBXResourcesBuildPhase;
			buildActionMask = 2147483647;
			files = (
				9A0A45D228EC00AA0075C28E /* LaunchScreen.storyboard in Resources */,
				9A0A45CF28EC00AA0075C28E /* Assets.xcassets in Resources */,
				9A0A45CD28EC00A70075C28E /* Main.storyboard in Resources */,
			);
			runOnlyForDeploymentPostprocessing = 0;
		};
/* End PBXResourcesBuildPhase section */

/* Begin PBXSourcesBuildPhase section */
		9A0A45BB28EC00A70075C28E /* Sources */ = {
			isa = PBXSourcesBuildPhase;
			buildActionMask = 2147483647;
			files = (
				9A0A45CA28EC00A70075C28E /* ViewController.m in Sources */,
				9A0A45C428EC00A70075C28E /* AppDelegate.m in Sources */,
				9A0A45DE28EC0B8B0075C28E /* ASStudent.m in Sources */,
				9A0A45D528EC00AA0075C28E /* main.m in Sources */,
				9A0A45E128EC0BF40075C28E /* ASDancer.m in Sources */,
				9A0A45C728EC00A70075C28E /* SceneDelegate.m in Sources */,
				9A0A45E428EC0C380075C28E /* ASDeveloper.m in Sources */,
			);
			runOnlyForDeploymentPostprocessing = 0;
		};
/* End PBXSourcesBuildPhase section */

/* Begin PBXVariantGroup section */
		9A0A45CB28EC00A70075C28E /* Main.storyboard */ = {
			isa = PBXVariantGroup;
			children = (
				9A0A45CC28EC00A70075C28E /* Base */,
			);
			name = Main.storyboard;
			sourceTree = "<group>";
		};
		9A0A45D028EC00AA0075C28E /* LaunchScreen.storyboard */ = {
			isa = PBXVariantGroup;
			children = (
				9A0A45D128EC00AA0075C28E /* Base */,
			);
			name = LaunchScreen.storyboard;
			sourceTree = "<group>";
		};
/* End PBXVariantGroup section */

/* Begin XCBuildConfiguration section */
		9A0A45D628EC00AA0075C28E /* Debug */ = {
			isa = XCBuildConfiguration;
			buildSettings = {
				ALWAYS_SEARCH_USER_PATHS = NO;
				CLANG_ANALYZER_NONNULL = YES;
				CLANG_ANALYZER_NUMBER_OBJECT_CONVERSION = YES_AGGRESSIVE;
				CLANG_CXX_LANGUAGE_STANDARD = "gnu++17";
				CLANG_ENABLE_MODULES = YES;
				CLANG_ENABLE_OBJC_ARC = YES;
				CLANG_ENABLE_OBJC_WEAK = YES;
				CLANG_WARN_BLOCK_CAPTURE_AUTORELEASING = YES;
				CLANG_WARN_BOOL_CONVERSION = YES;
				CLANG_WARN_COMMA = YES;
				CLANG_WARN_CONSTANT_CONVERSION = YES;
				CLANG_WARN_DEPRECATED_OBJC_IMPLEMENTATIONS = YES;
				CLANG_WARN_DIRECT_OBJC_ISA_USAGE = YES_ERROR;
				CLANG_WARN_DOCUMENTATION_COMMENTS = YES;
				CLANG_WARN_EMPTY_BODY = YES;
				CLANG_WARN_ENUM_CONVERSION = YES;
				CLANG_WARN_INFINITE_RECURSION = YES;
				CLANG_WARN_INT_CONVERSION = YES;
				CLANG_WARN_NON_LITERAL_NULL_CONVERSION = YES;
				CLANG_WARN_OBJC_IMPLICIT_RETAIN_SELF = YES;
				CLANG_WARN_OBJC_LITERAL_CONVERSION = YES;
				CLANG_WARN_OBJC_ROOT_CLASS = YES_ERROR;
				CLANG_WARN_QUOTED_INCLUDE_IN_FRAMEWORK_HEADER = YES;
				CLANG_WARN_RANGE_LOOP_ANALYSIS = YES;
				CLANG_WARN_STRICT_PROTOTYPES = YES;
				CLANG_WARN_SUSPICIOUS_MOVE = YES;
				CLANG_WARN_UNGUARDED_AVAILABILITY = YES_AGGRESSIVE;
				CLANG_WARN_UNREACHABLE_CODE = YES;
				CLANG_WARN__DUPLICATE_METHOD_MATCH = YES;
				COPY_PHASE_STRIP = NO;
				DEBUG_INFORMATION_FORMAT = dwarf;
				ENABLE_STRICT_OBJC_MSGSEND = YES;
				ENABLE_TESTABILITY = YES;
				GCC_C_LANGUAGE_STANDARD = gnu11;
				GCC_DYNAMIC_NO_PIC = NO;
				GCC_NO_COMMON_BLOCKS = YES;
				GCC_OPTIMIZATION_LEVEL = 0;
				GCC_PREPROCESSOR_DEFINITIONS = (
					"DEBUG=1",
					"$(inherited)",
				);
				GCC_WARN_64_TO_32_BIT_CONVERSION = YES;
				GCC_WARN_ABOUT_RETURN_TYPE = YES_ERROR;
				GCC_WARN_UNDECLARED_SELECTOR = YES;
				GCC_WARN_UNINITIALIZED_AUTOS = YES_AGGRESSIVE;
				GCC_WARN_UNUSED_FUNCTION = YES;
				GCC_WARN_UNUSED_VARIABLE = YES;
				IPHONEOS_DEPLOYMENT_TARGET = 15.4;
				MTL_ENABLE_DEBUG_INFO = INCLUDE_SOURCE;
				MTL_FAST_MATH = YES;
				ONLY_ACTIVE_ARCH = YES;
				SDKROOT = iphoneos;
			};
			name = Debug;
		};
		9A0A45D728EC00AA0075C28E /* Release */ = {
			isa = XCBuildConfiguration;
			buildSettings = {
				ALWAYS_SEARCH_USER_PATHS = NO;
				CLANG_ANALYZER_NONNULL = YES;
				CLANG_ANALYZER_NUMBER_OBJECT_CONVERSION = YES_AGGRESSIVE;
				CLANG_CXX_LANGUAGE_STANDARD = "gnu++17";
				CLANG_ENABLE_MODULES = YES;
				CLANG_ENABLE_OBJC_ARC = YES;
				CLANG_ENABLE_OBJC_WEAK = YES;
				CLANG_WARN_BLOCK_CAPTURE_AUTORELEASING = YES;
				CLANG_WARN_BOOL_CONVERSION = YES;
				CLANG_WARN_COMMA = YES;
				CLANG_WARN_CONSTANT_CONVERSION = YES;
				CLANG_WARN_DEPRECATED_OBJC_IMPLEMENTATIONS = YES;
				CLANG_WARN_DIRECT_OBJC_ISA_USAGE = YES_ERROR;
				CLANG_WARN_DOCUMENTATION_COMMENTS = YES;
				CLANG_WARN_EMPTY_BODY = YES;
				CLANG_WARN_ENUM_CONVERSION = YES;
				CLANG_WARN_INFINITE_RECURSION = YES;
				CLANG_WARN_INT_CONVERSION = YES;
				CLANG_WARN_NON_LITERAL_NULL_CONVERSION = YES;
				CLANG_WARN_OBJC_IMPLICIT_RETAIN_SELF = YES;
				CLANG_WARN_OBJC_LITERAL_CONVERSION = YES;
				CLANG_WARN_OBJC_ROOT_CLASS = YES_ERROR;
				CLANG_WARN_QUOTED_INCLUDE_IN_FRAMEWORK_HEADER = YES;
				CLANG_WARN_RANGE_LOOP_ANALYSIS = YES;
				CLANG_WARN_STRICT_PROTOTYPES = YES;
				CLANG_WARN_SUSPICIOUS_MOVE = YES;
				CLANG_WARN_UNGUARDED_AVAILABILITY = YES_AGGRESSIVE;
				CLANG_WARN_UNREACHABLE_CODE = YES;
				CLANG_WARN__DUPLICATE_METHOD_MATCH = YES;
				COPY_PHASE_STRIP = NO;
				DEBUG_INFORMATION_FORMAT = "dwarf-with-dsym";
				ENABLE_NS_ASSERTIONS = NO;
				ENABLE_STRICT_OBJC_MSGSEND = YES;
				GCC_C_LANGUAGE_STANDARD = gnu11;
				GCC_NO_COMMON_BLOCKS = YES;
				GCC_WARN_64_TO_32_BIT_CONVERSION = YES;
				GCC_WARN_ABOUT_RETURN_TYPE = YES_ERROR;
				GCC_WARN_UNDECLARED_SELECTOR = YES;
				GCC_WARN_UNINITIALIZED_AUTOS = YES_AGGRESSIVE;
				GCC_WARN_UNUSED_FUNCTION = YES;
				GCC_WARN_UNUSED_VARIABLE = YES;
				IPHONEOS_DEPLOYMENT_TARGET = 15.4;
				MTL_ENABLE_DEBUG_INFO = NO;
				MTL_FAST_MATH = YES;
				SDKROOT = iphoneos;
				VALIDATE_PRODUCT = YES;
			};
			name = Release;
		};
		9A0A45D928EC00AA0075C28E /* Debug */ = {
			isa = XCBuildConfiguration;
			buildSettings = {
				ASSETCATALOG_COMPILER_APPICON_NAME = AppIcon;
				ASSETCATALOG_COMPILER_GLOBAL_ACCENT_COLOR_NAME = AccentColor;
				CODE_SIGN_STYLE = Automatic;
				CURRENT_PROJECT_VERSION = 1;
				GENERATE_INFOPLIST_FILE = YES;
				INFOPLIST_FILE = Protocols/Info.plist;
				INFOPLIST_KEY_UIApplicationSupportsIndirectInputEvents = YES;
				INFOPLIST_KEY_UILaunchStoryboardName = LaunchScreen;
				INFOPLIST_KEY_UIMainStoryboardFile = Main;
				INFOPLIST_KEY_UISupportedInterfaceOrientations = UIInterfaceOrientationPortrait;
				INFOPLIST_KEY_UISupportedInterfaceOrientations_iPad = "UIInterfaceOrientationPortrait UIInterfaceOrientationPortraitUpsideDown UIInterfaceOrientationLandscapeLeft UIInterfaceOrientationLandscapeRight";
				INFOPLIST_KEY_UISupportedInterfaceOrientations_iPhone = "UIInterfaceOrientationPortrait UIInterfaceOrientationLandscapeLeft UIInterfaceOrientationLandscapeRight";
				IPHONEOS_DEPLOYMENT_TARGET = 13.0;
				LD_RUNPATH_SEARCH_PATHS = (
					"$(inherited)",
					"@executable_path/Frameworks",
				);
				MARKETING_VERSION = 1.0;
				PRODUCT_BUNDLE_IDENTIFIER = com.ulkoart.Protocols;
				PRODUCT_NAME = "$(TARGET_NAME)";
				SWIFT_EMIT_LOC_STRINGS = YES;
				TARGETED_DEVICE_FAMILY = 1;
			};
			name = Debug;
		};
		9A0A45DA28EC00AA0075C28E /* Release */ = {
			isa = XCBuildConfiguration;
			buildSettings = {
				ASSETCATALOG_COMPILER_APPICON_NAME = AppIcon;
				ASSETCATALOG_COMPILER_GLOBAL_ACCENT_COLOR_NAME = AccentColor;
				CODE_SIGN_STYLE = Automatic;
				CURRENT_PROJECT_VERSION = 1;
				GENERATE_INFOPLIST_FILE = YES;
				INFOPLIST_FILE = Protocols/Info.plist;
				INFOPLIST_KEY_UIApplicationSupportsIndirectInputEvents = YES;
				INFOPLIST_KEY_UILaunchStoryboardName = LaunchScreen;
				INFOPLIST_KEY_UIMainStoryboardFile = Main;
				INFOPLIST_KEY_UISupportedInterfaceOrientations = UIInterfaceOrientationPortrait;
				INFOPLIST_KEY_UISupportedInterfaceOrientations_iPad = "UIInterfaceOrientationPortrait UIInterfaceOrientationPortraitUpsideDown UIInterfaceOrientationLandscapeLeft UIInterfaceOrientationLandscapeRight";
				INFOPLIST_KEY_UISupportedInterfaceOrientations_iPhone = "UIInterfaceOrientationPortrait UIInterfaceOrientationLandscapeLeft UIInterfaceOrientationLandscapeRight";
				IPHONEOS_DEPLOYMENT_TARGET = 13.0;
				LD_RUNPATH_SEARCH_PATHS = (
					"$(inherited)",
					"@executable_path/Frameworks",
				);
				MARKETING_VERSION = 1.0;
				PRODUCT_BUNDLE_IDENTIFIER = com.ulkoart.Protocols;
				PRODUCT_NAME = "$(TARGET_NAME)";
				SWIFT_EMIT_LOC_STRINGS = YES;
				TARGETED_DEVICE_FAMILY = 1;
			};
			name = Release;
		};
/* End XCBuildConfiguration section */

/* Begin XCConfigurationList section */
		9A0A45BA28EC00A70075C28E /* Build configuration list for PBXProject "Protocols" */ = {
			isa = XCConfigurationList;
			buildConfigurations = (
				9A0A45D628EC00AA0075C28E /* Debug */,
				9A0A45D728EC00AA0075C28E /* Release */,
			);
			defaultConfigurationIsVisible = 0;
			defaultConfigurationName = Release;
		};
		9A0A45D828EC00AA0075C28E /* Build configuration list for PBXNativeTarget "Protocols" */ = {
			isa = XCConfigurationList;
			buildConfigurations = (
				9A0A45D928EC00AA0075C28E /* Debug */,
				9A0A45DA28EC00AA0075C28E /* Release */,
			);
			defaultConfigurationIsVisible = 0;
			defaultConfigurationName = Release;
		};
/* End XCConfigurationList section */
	};
	rootObject = 9A0A45B728EC00A70075C28E /* Project object */;
}
