// !$*UTF8*$!
{
	archiveVersion = 1;
	classes = {
	};
	objectVersion = 55;
	objects = {

/* Begin PBXBuildFile section */
		9A7251BB28FE68E60018ABE6 /* AppDelegate.m in Sources */ = {isa = PBXBuildFile; fileRef = 9A7251BA28FE68E60018ABE6 /* AppDelegate.m */; };
		9A7251BE28FE68E60018ABE6 /* SceneDelegate.m in Sources */ = {isa = PBXBuildFile; fileRef = 9A7251BD28FE68E60018ABE6 /* SceneDelegate.m */; };
		9A7251C128FE68E60018ABE6 /* ViewController.m in Sources */ = {isa = PBXBuildFile; fileRef = 9A7251C028FE68E60018ABE6 /* ViewController.m */; };
		9A7251C428FE68E60018ABE6 /* Main.storyboard in Resources */ = {isa = PBXBuildFile; fileRef = 9A7251C228FE68E60018ABE6 /* Main.storyboard */; };
		9A7251C628FE68E90018ABE6 /* Assets.xcassets in Resources */ = {isa = PBXBuildFile; fileRef = 9A7251C528FE68E90018ABE6 /* Assets.xcassets */; };
		9A7251C928FE68E90018ABE6 /* LaunchScreen.storyboard in Resources */ = {isa = PBXBuildFile; fileRef = 9A7251C728FE68E90018ABE6 /* LaunchScreen.storyboard */; };
		9A7251CC28FE68E90018ABE6 /* main.m in Sources */ = {isa = PBXBuildFile; fileRef = 9A7251CB28FE68E90018ABE6 /* main.m */; };
		9A7251D528FE6D4D0018ABE6 /* ASStudent.m in Sources */ = {isa = PBXBuildFile; fileRef = 9A7251D428FE6D4D0018ABE6 /* ASStudent.m */; };
/* End PBXBuildFile section */

/* Begin PBXFileReference section */
		9A7251B628FE68E60018ABE6 /* BitwiseOperations.app */ = {isa = PBXFileReference; explicitFileType = wrapper.application; includeInIndex = 0; path = BitwiseOperations.app; sourceTree = BUILT_PRODUCTS_DIR; };
		9A7251B928FE68E60018ABE6 /* AppDelegate.h */ = {isa = PBXFileReference; lastKnownFileType = sourcecode.c.h; path = AppDelegate.h; sourceTree = "<group>"; };
		9A7251BA28FE68E60018ABE6 /* AppDelegate.m */ = {isa = PBXFileReference; lastKnownFileType = sourcecode.c.objc; path = AppDelegate.m; sourceTree = "<group>"; };
		9A7251BC28FE68E60018ABE6 /* SceneDelegate.h */ = {isa = PBXFileReference; lastKnownFileType = sourcecode.c.h; path = SceneDelegate.h; sourceTree = "<group>"; };
		9A7251BD28FE68E60018ABE6 /* SceneDelegate.m */ = {isa = PBXFileReference; lastKnownFileType = sourcecode.c.objc; path = SceneDelegate.m; sourceTree = "<group>"; };
		9A7251BF28FE68E60018ABE6 /* ViewController.h */ = {isa = PBXFileReference; lastKnownFileType = sourcecode.c.h; path = ViewController.h; sourceTree = "<group>"; };
		9A7251C028FE68E60018ABE6 /* ViewController.m */ = {isa = PBXFileReference; lastKnownFileType = sourcecode.c.objc; path = ViewController.m; sourceTree = "<group>"; };
		9A7251C328FE68E60018ABE6 /* Base */ = {isa = PBXFileReference; lastKnownFileType = file.storyboard; name = Base; path = Base.lproj/Main.storyboard; sourceTree = "<group>"; };
		9A7251C528FE68E90018ABE6 /* Assets.xcassets */ = {isa = PBXFileReference; lastKnownFileType = folder.assetcatalog; path = Assets.xcassets; sourceTree = "<group>"; };
		9A7251C828FE68E90018ABE6 /* Base */ = {isa = PBXFileReference; lastKnownFileType = file.storyboard; name = Base; path = Base.lproj/LaunchScreen.storyboard; sourceTree = "<group>"; };
		9A7251CA28FE68E90018ABE6 /* Info.plist */ = {isa = PBXFileReference; lastKnownFileType = text.plist.xml; path = Info.plist; sourceTree = "<group>"; };
		9A7251CB28FE68E90018ABE6 /* main.m */ = {isa = PBXFileReference; lastKnownFileType = sourcecode.c.objc; path = main.m; sourceTree = "<group>"; };
		9A7251D328FE6D4D0018ABE6 /* ASStudent.h */ = {isa = PBXFileReference; lastKnownFileType = sourcecode.c.h; path = ASStudent.h; sourceTree = "<group>"; };
		9A7251D428FE6D4D0018ABE6 /* ASStudent.m */ = {isa = PBXFileReference; lastKnownFileType = sourcecode.c.objc; path = ASStudent.m; sourceTree = "<group>"; };
/* End PBXFileReference section */

/* Begin PBXFrameworksBuildPhase section */
		9A7251B328FE68E60018ABE6 /* Frameworks */ = {
			isa = PBXFrameworksBuildPhase;
			buildActionMask = 2147483647;
			files = (
			);
			runOnlyForDeploymentPostprocessing = 0;
		};
/* End PBXFrameworksBuildPhase section */

/* Begin PBXGroup section */
		9A7251AD28FE68E60018ABE6 = {
			isa = PBXGroup;
			children = (
				9A7251B828FE68E60018ABE6 /* BitwiseOperations */,
				9A7251B728FE68E60018ABE6 /* Products */,
			);
			sourceTree = "<group>";
		};
		9A7251B728FE68E60018ABE6 /* Products */ = {
			isa = PBXGroup;
			children = (
				9A7251B628FE68E60018ABE6 /* BitwiseOperations.app */,
			);
			name = Products;
			sourceTree = "<group>";
		};
		9A7251B828FE68E60018ABE6 /* BitwiseOperations */ = {
			isa = PBXGroup;
			children = (
				9A7251D228FE6D3D0018ABE6 /* Clasess */,
				9A7251B928FE68E60018ABE6 /* AppDelegate.h */,
				9A7251BA28FE68E60018ABE6 /* AppDelegate.m */,
				9A7251BC28FE68E60018ABE6 /* SceneDelegate.h */,
				9A7251BD28FE68E60018ABE6 /* SceneDelegate.m */,
				9A7251BF28FE68E60018ABE6 /* ViewController.h */,
				9A7251C028FE68E60018ABE6 /* ViewController.m */,
				9A7251C228FE68E60018ABE6 /* Main.storyboard */,
				9A7251C528FE68E90018ABE6 /* Assets.xcassets */,
				9A7251C728FE68E90018ABE6 /* LaunchScreen.storyboard */,
				9A7251CA28FE68E90018ABE6 /* Info.plist */,
				9A7251CB28FE68E90018ABE6 /* main.m */,
			);
			path = BitwiseOperations;
			sourceTree = "<group>";
		};
		9A7251D228FE6D3D0018ABE6 /* Clasess */ = {
			isa = PBXGroup;
			children = (
				9A7251D328FE6D4D0018ABE6 /* ASStudent.h */,
				9A7251D428FE6D4D0018ABE6 /* ASStudent.m */,
			);
			path = Clasess;
			sourceTree = "<group>";
		};
/* End PBXGroup section */

/* Begin PBXNativeTarget section */
		9A7251B528FE68E60018ABE6 /* BitwiseOperations */ = {
			isa = PBXNativeTarget;
			buildConfigurationList = 9A7251CF28FE68EA0018ABE6 /* Build configuration list for PBXNativeTarget "BitwiseOperations" */;
			buildPhases = (
				9A7251B228FE68E60018ABE6 /* Sources */,
				9A7251B328FE68E60018ABE6 /* Frameworks */,
				9A7251B428FE68E60018ABE6 /* Resources */,
			);
			buildRules = (
			);
			dependencies = (
			);
			name = BitwiseOperations;
			productName = BitwiseOperations;
			productReference = 9A7251B628FE68E60018ABE6 /* BitwiseOperations.app */;
			productType = "com.apple.product-type.application";
		};
/* End PBXNativeTarget section */

/* Begin PBXProject section */
		9A7251AE28FE68E60018ABE6 /* Project object */ = {
			isa = PBXProject;
			attributes = {
				BuildIndependentTargetsInParallel = 1;
				LastUpgradeCheck = 1330;
				TargetAttributes = {
					9A7251B528FE68E60018ABE6 = {
						CreatedOnToolsVersion = 13.3.1;
					};
				};
			};
			buildConfigurationList = 9A7251B128FE68E60018ABE6 /* Build configuration list for PBXProject "BitwiseOperations" */;
			compatibilityVersion = "Xcode 13.0";
			developmentRegion = en;
			hasScannedForEncodings = 0;
			knownRegions = (
				en,
				Base,
			);
			mainGroup = 9A7251AD28FE68E60018ABE6;
			productRefGroup = 9A7251B728FE68E60018ABE6 /* Products */;
			projectDirPath = "";
			projectRoot = "";
			targets = (
				9A7251B528FE68E60018ABE6 /* BitwiseOperations */,
			);
		};
/* End PBXProject section */

/* Begin PBXResourcesBuildPhase section */
		9A7251B428FE68E60018ABE6 /* Resources */ = {
			isa = PBXResourcesBuildPhase;
			buildActionMask = 2147483647;
			files = (
				9A7251C928FE68E90018ABE6 /* LaunchScreen.storyboard in Resources */,
				9A7251C628FE68E90018ABE6 /* Assets.xcassets in Resources */,
				9A7251C428FE68E60018ABE6 /* Main.storyboard in Resources */,
			);
			runOnlyForDeploymentPostprocessing = 0;
		};
/* End PBXResourcesBuildPhase section */

/* Begin PBXSourcesBuildPhase section */
		9A7251B228FE68E60018ABE6 /* Sources */ = {
			isa = PBXSourcesBuildPhase;
			buildActionMask = 2147483647;
			files = (
				9A7251C128FE68E60018ABE6 /* ViewController.m in Sources */,
				9A7251BB28FE68E60018ABE6 /* AppDelegate.m in Sources */,
				9A7251D528FE6D4D0018ABE6 /* ASStudent.m in Sources */,
				9A7251CC28FE68E90018ABE6 /* main.m in Sources */,
				9A7251BE28FE68E60018ABE6 /* SceneDelegate.m in Sources */,
			);
			runOnlyForDeploymentPostprocessing = 0;
		};
/* End PBXSourcesBuildPhase section */

/* Begin PBXVariantGroup section */
		9A7251C228FE68E60018ABE6 /* Main.storyboard */ = {
			isa = PBXVariantGroup;
			children = (
				9A7251C328FE68E60018ABE6 /* Base */,
			);
			name = Main.storyboard;
			sourceTree = "<group>";
		};
		9A7251C728FE68E90018ABE6 /* LaunchScreen.storyboard */ = {
			isa = PBXVariantGroup;
			children = (
				9A7251C828FE68E90018ABE6 /* Base */,
			);
			name = LaunchScreen.storyboard;
			sourceTree = "<group>";
		};
/* End PBXVariantGroup section */

/* Begin XCBuildConfiguration section */
		9A7251CD28FE68EA0018ABE6 /* Debug */ = {
			isa = XCBuildConfiguration;
			buildSettings = {
				ALWAYS_SEARCH_USER_PATHS = NO;
				CLANG_ANALYZER_NONNULL = YES;
				CLANG_ANALYZER_NUMBER_OBJECT_CONVERSION = YES_AGGRESSIVE;
				CLANG_CXX_LANGUAGE_STANDARD = "gnu++17";
				CLANG_ENABLE_MODULES = YES;
				CLANG_ENABLE_OBJC_ARC = YES;
				CLANG_ENABLE_OBJC_WEAK = YES;
				CLANG_WARN_BLOCK_CAPTURE_AUTORELEASING = YES;
				CLANG_WARN_BOOL_CONVERSION = YES;
				CLANG_WARN_COMMA = YES;
				CLANG_WARN_CONSTANT_CONVERSION = YES;
				CLANG_WARN_DEPRECATED_OBJC_IMPLEMENTATIONS = YES;
				CLANG_WARN_DIRECT_OBJC_ISA_USAGE = YES_ERROR;
				CLANG_WARN_DOCUMENTATION_COMMENTS = YES;
				CLANG_WARN_EMPTY_BODY = YES;
				CLANG_WARN_ENUM_CONVERSION = YES;
				CLANG_WARN_INFINITE_RECURSION = YES;
				CLANG_WARN_INT_CONVERSION = YES;
				CLANG_WARN_NON_LITERAL_NULL_CONVERSION = YES;
				CLANG_WARN_OBJC_IMPLICIT_RETAIN_SELF = YES;
				CLANG_WARN_OBJC_LITERAL_CONVERSION = YES;
				CLANG_WARN_OBJC_ROOT_CLASS = YES_ERROR;
				CLANG_WARN_QUOTED_INCLUDE_IN_FRAMEWORK_HEADER = YES;
				CLANG_WARN_RANGE_LOOP_ANALYSIS = YES;
				CLANG_WARN_STRICT_PROTOTYPES = YES;
				CLANG_WARN_SUSPICIOUS_MOVE = YES;
				CLANG_WARN_UNGUARDED_AVAILABILITY = YES_AGGRESSIVE;
				CLANG_WARN_UNREACHABLE_CODE = YES;
				CLANG_WARN__DUPLICATE_METHOD_MATCH = YES;
				COPY_PHASE_STRIP = NO;
				DEBUG_INFORMATION_FORMAT = dwarf;
				ENABLE_STRICT_OBJC_MSGSEND = YES;
				ENABLE_TESTABILITY = YES;
				GCC_C_LANGUAGE_STANDARD = gnu11;
				GCC_DYNAMIC_NO_PIC = NO;
				GCC_NO_COMMON_BLOCKS = YES;
				GCC_OPTIMIZATION_LEVEL = 0;
				GCC_PREPROCESSOR_DEFINITIONS = (
					"DEBUG=1",
					"$(inherited)",
				);
				GCC_WARN_64_TO_32_BIT_CONVERSION = YES;
				GCC_WARN_ABOUT_RETURN_TYPE = YES_ERROR;
				GCC_WARN_UNDECLARED_SELECTOR = YES;
				GCC_WARN_UNINITIALIZED_AUTOS = YES_AGGRESSIVE;
				GCC_WARN_UNUSED_FUNCTION = YES;
				GCC_WARN_UNUSED_VARIABLE = YES;
				IPHONEOS_DEPLOYMENT_TARGET = 15.4;
				MTL_ENABLE_DEBUG_INFO = INCLUDE_SOURCE;
				MTL_FAST_MATH = YES;
				ONLY_ACTIVE_ARCH = YES;
				SDKROOT = iphoneos;
			};
			name = Debug;
		};
		9A7251CE28FE68EA0018ABE6 /* Release */ = {
			isa = XCBuildConfiguration;
			buildSettings = {
				ALWAYS_SEARCH_USER_PATHS = NO;
				CLANG_ANALYZER_NONNULL = YES;
				CLANG_ANALYZER_NUMBER_OBJECT_CONVERSION = YES_AGGRESSIVE;
				CLANG_CXX_LANGUAGE_STANDARD = "gnu++17";
				CLANG_ENABLE_MODULES = YES;
				CLANG_ENABLE_OBJC_ARC = YES;
				CLANG_ENABLE_OBJC_WEAK = YES;
				CLANG_WARN_BLOCK_CAPTURE_AUTORELEASING = YES;
				CLANG_WARN_BOOL_CONVERSION = YES;
				CLANG_WARN_COMMA = YES;
				CLANG_WARN_CONSTANT_CONVERSION = YES;
				CLANG_WARN_DEPRECATED_OBJC_IMPLEMENTATIONS = YES;
				CLANG_WARN_DIRECT_OBJC_ISA_USAGE = YES_ERROR;
				CLANG_WARN_DOCUMENTATION_COMMENTS = YES;
				CLANG_WARN_EMPTY_BODY = YES;
				CLANG_WARN_ENUM_CONVERSION = YES;
				CLANG_WARN_INFINITE_RECURSION = YES;
				CLANG_WARN_INT_CONVERSION = YES;
				CLANG_WARN_NON_LITERAL_NULL_CONVERSION = YES;
				CLANG_WARN_OBJC_IMPLICIT_RETAIN_SELF = YES;
				CLANG_WARN_OBJC_LITERAL_CONVERSION = YES;
				CLANG_WARN_OBJC_ROOT_CLASS = YES_ERROR;
				CLANG_WARN_QUOTED_INCLUDE_IN_FRAMEWORK_HEADER = YES;
				CLANG_WARN_RANGE_LOOP_ANALYSIS = YES;
				CLANG_WARN_STRICT_PROTOTYPES = YES;
				CLANG_WARN_SUSPICIOUS_MOVE = YES;
				CLANG_WARN_UNGUARDED_AVAILABILITY = YES_AGGRESSIVE;
				CLANG_WARN_UNREACHABLE_CODE = YES;
				CLANG_WARN__DUPLICATE_METHOD_MATCH = YES;
				COPY_PHASE_STRIP = NO;
				DEBUG_INFORMATION_FORMAT = "dwarf-with-dsym";
				ENABLE_NS_ASSERTIONS = NO;
				ENABLE_STRICT_OBJC_MSGSEND = YES;
				GCC_C_LANGUAGE_STANDARD = gnu11;
				GCC_NO_COMMON_BLOCKS = YES;
				GCC_WARN_64_TO_32_BIT_CONVERSION = YES;
				GCC_WARN_ABOUT_RETURN_TYPE = YES_ERROR;
				GCC_WARN_UNDECLARED_SELECTOR = YES;
				GCC_WARN_UNINITIALIZED_AUTOS = YES_AGGRESSIVE;
				GCC_WARN_UNUSED_FUNCTION = YES;
				GCC_WARN_UNUSED_VARIABLE = YES;
				IPHONEOS_DEPLOYMENT_TARGET = 15.4;
				MTL_ENABLE_DEBUG_INFO = NO;
				MTL_FAST_MATH = YES;
				SDKROOT = iphoneos;
				VALIDATE_PRODUCT = YES;
			};
			name = Release;
		};
		9A7251D028FE68EA0018ABE6 /* Debug */ = {
			isa = XCBuildConfiguration;
			buildSettings = {
				ASSETCATALOG_COMPILER_APPICON_NAME = AppIcon;
				ASSETCATALOG_COMPILER_GLOBAL_ACCENT_COLOR_NAME = AccentColor;
				CODE_SIGN_STYLE = Automatic;
				CURRENT_PROJECT_VERSION = 1;
				GENERATE_INFOPLIST_FILE = YES;
				INFOPLIST_FILE = BitwiseOperations/Info.plist;
				INFOPLIST_KEY_UIApplicationSupportsIndirectInputEvents = YES;
				INFOPLIST_KEY_UILaunchStoryboardName = LaunchScreen;
				INFOPLIST_KEY_UIMainStoryboardFile = Main;
				INFOPLIST_KEY_UISupportedInterfaceOrientations_iPad = "UIInterfaceOrientationPortrait UIInterfaceOrientationPortraitUpsideDown UIInterfaceOrientationLandscapeLeft UIInterfaceOrientationLandscapeRight";
				INFOPLIST_KEY_UISupportedInterfaceOrientations_iPhone = "UIInterfaceOrientationPortrait UIInterfaceOrientationLandscapeLeft UIInterfaceOrientationLandscapeRight";
				IPHONEOS_DEPLOYMENT_TARGET = 13.0;
				LD_RUNPATH_SEARCH_PATHS = (
					"$(inherited)",
					"@executable_path/Frameworks",
				);
				MARKETING_VERSION = 1.0;
				PRODUCT_BUNDLE_IDENTIFIER = com.ulkoart.BitwiseOperations;
				PRODUCT_NAME = "$(TARGET_NAME)";
				SWIFT_EMIT_LOC_STRINGS = YES;
				TARGETED_DEVICE_FAMILY = 1;
			};
			name = Debug;
		};
		9A7251D128FE68EA0018ABE6 /* Release */ = {
			isa = XCBuildConfiguration;
			buildSettings = {
				ASSETCATALOG_COMPILER_APPICON_NAME = AppIcon;
				ASSETCATALOG_COMPILER_GLOBAL_ACCENT_COLOR_NAME = AccentColor;
				CODE_SIGN_STYLE = Automatic;
				CURRENT_PROJECT_VERSION = 1;
				GENERATE_INFOPLIST_FILE = YES;
				INFOPLIST_FILE = BitwiseOperations/Info.plist;
				INFOPLIST_KEY_UIApplicationSupportsIndirectInputEvents = YES;
				INFOPLIST_KEY_UILaunchStoryboardName = LaunchScreen;
				INFOPLIST_KEY_UIMainStoryboardFile = Main;
				INFOPLIST_KEY_UISupportedInterfaceOrientations_iPad = "UIInterfaceOrientationPortrait UIInterfaceOrientationPortraitUpsideDown UIInterfaceOrientationLandscapeLeft UIInterfaceOrientationLandscapeRight";
				INFOPLIST_KEY_UISupportedInterfaceOrientations_iPhone = "UIInterfaceOrientationPortrait UIInterfaceOrientationLandscapeLeft UIInterfaceOrientationLandscapeRight";
				IPHONEOS_DEPLOYMENT_TARGET = 13.0;
				LD_RUNPATH_SEARCH_PATHS = (
					"$(inherited)",
					"@executable_path/Frameworks",
				);
				MARKETING_VERSION = 1.0;
				PRODUCT_BUNDLE_IDENTIFIER = com.ulkoart.BitwiseOperations;
				PRODUCT_NAME = "$(TARGET_NAME)";
				SWIFT_EMIT_LOC_STRINGS = YES;
				TARGETED_DEVICE_FAMILY = 1;
			};
			name = Release;
		};
/* End XCBuildConfiguration section */

/* Begin XCConfigurationList section */
		9A7251B128FE68E60018ABE6 /* Build configuration list for PBXProject "BitwiseOperations" */ = {
			isa = XCConfigurationList;
			buildConfigurations = (
				9A7251CD28FE68EA0018ABE6 /* Debug */,
				9A7251CE28FE68EA0018ABE6 /* Release */,
			);
			defaultConfigurationIsVisible = 0;
			defaultConfigurationName = Release;
		};
		9A7251CF28FE68EA0018ABE6 /* Build configuration list for PBXNativeTarget "BitwiseOperations" */ = {
			isa = XCConfigurationList;
			buildConfigurations = (
				9A7251D028FE68EA0018ABE6 /* Debug */,
				9A7251D128FE68EA0018ABE6 /* Release */,
			);
			defaultConfigurationIsVisible = 0;
			defaultConfigurationName = Release;
		};
/* End XCConfigurationList section */
	};
	rootObject = 9A7251AE28FE68E60018ABE6 /* Project object */;
}
